github.com/FlowingSPDG/streamdeck v0.0.0-20230506011737-7eb85f091e90 h1:ucYzwnTnPyTg44tuHsFdXnIDX5OFqCQmSEsFh6sa5dE=
github.com/FlowingSPDG/streamdeck v0.0.0-20230506011737-7eb85f091e90/go.mod h1:xf0gNFmw7s/7NNewwYWEOzxDITtm2etmbVlZcYEN/vk=
golang.org/x/sync v0.8.0 h1:3NFvSEYkUoMifnESzZl15y791HH1qU2xm6eCJU5ZPXQ=
golang.org/x/sync v0.8.0/go.mod h1:Czt+wKu1gCyEFDUtn0jG5QVvpJ6rzVqr5aXyt9drQfk=
nhooyr.io/websocket v1.8.17 h1:KEVeLJkUywCKVsnLIDlD/5gtayKp8VoCkksHCGGfT9Y=
nhooyr.io/websocket v1.8.17/go.mod h1:rN9OFWIUwuxg4fR5tELlYC04bXYowCP9GX47ivo2l+c=
